// !$*UTF8*$!
{
	archiveVersion = 1;
	classes = {
	};
	objectVersion = 55;
	objects = {

/* Begin PBXBuildFile section */
		2609203C27F9E19900AFBAA3 /* Constants.swift in Sources */ = {isa = PBXBuildFile; fileRef = 2609203B27F9E19900AFBAA3 /* Constants.swift */; };
		26312FB127CCF4BB00D9D5F0 /* AppDelegate.swift in Sources */ = {isa = PBXBuildFile; fileRef = 26312FB027CCF4BB00D9D5F0 /* AppDelegate.swift */; };
		26312FB327CCF4BB00D9D5F0 /* SceneDelegate.swift in Sources */ = {isa = PBXBuildFile; fileRef = 26312FB227CCF4BB00D9D5F0 /* SceneDelegate.swift */; };
		26312FB527CCF4BB00D9D5F0 /* SearchViewController.swift in Sources */ = {isa = PBXBuildFile; fileRef = 26312FB427CCF4BB00D9D5F0 /* SearchViewController.swift */; };
		26312FB827CCF4BB00D9D5F0 /* Main.storyboard in Resources */ = {isa = PBXBuildFile; fileRef = 26312FB627CCF4BB00D9D5F0 /* Main.storyboard */; };
		26312FBA27CCF4BD00D9D5F0 /* Assets.xcassets in Resources */ = {isa = PBXBuildFile; fileRef = 26312FB927CCF4BD00D9D5F0 /* Assets.xcassets */; };
		26312FBD27CCF4BD00D9D5F0 /* LaunchScreen.storyboard in Resources */ = {isa = PBXBuildFile; fileRef = 26312FBB27CCF4BD00D9D5F0 /* LaunchScreen.storyboard */; };
		26312FC727CCFF0800D9D5F0 /* StoreSearchManager.swift in Sources */ = {isa = PBXBuildFile; fileRef = 26312FC627CCFF0800D9D5F0 /* StoreSearchManager.swift */; };
		26B2D21927CD1507000AE8D5 /* NotFoundStoreViewController.swift in Sources */ = {isa = PBXBuildFile; fileRef = 26B2D21827CD1507000AE8D5 /* NotFoundStoreViewController.swift */; };
		26B2D22327CE6827000AE8D5 /* StoreData.swift in Sources */ = {isa = PBXBuildFile; fileRef = 26B2D22227CE6827000AE8D5 /* StoreData.swift */; };
		26B2D22527CEE8F4000AE8D5 /* StoreModel.swift in Sources */ = {isa = PBXBuildFile; fileRef = 26B2D22427CEE8F4000AE8D5 /* StoreModel.swift */; };
		26B2D22727CF9C90000AE8D5 /* StoreListViewController.swift in Sources */ = {isa = PBXBuildFile; fileRef = 26B2D22627CF9C90000AE8D5 /* StoreListViewController.swift */; };
		26B2D22927D4DF63000AE8D5 /* StoreDetailViewController.swift in Sources */ = {isa = PBXBuildFile; fileRef = 26B2D22827D4DF63000AE8D5 /* StoreDetailViewController.swift */; };
/* End PBXBuildFile section */

/* Begin PBXFileReference section */
		2609203B27F9E19900AFBAA3 /* Constants.swift */ = {isa = PBXFileReference; lastKnownFileType = sourcecode.swift; path = Constants.swift; sourceTree = "<group>"; };
		26312FAD27CCF4BB00D9D5F0 /* PetMeshi.app */ = {isa = PBXFileReference; explicitFileType = wrapper.application; includeInIndex = 0; path = PetMeshi.app; sourceTree = BUILT_PRODUCTS_DIR; };
		26312FB027CCF4BB00D9D5F0 /* AppDelegate.swift */ = {isa = PBXFileReference; lastKnownFileType = sourcecode.swift; path = AppDelegate.swift; sourceTree = "<group>"; };
		26312FB227CCF4BB00D9D5F0 /* SceneDelegate.swift */ = {isa = PBXFileReference; lastKnownFileType = sourcecode.swift; path = SceneDelegate.swift; sourceTree = "<group>"; };
		26312FB427CCF4BB00D9D5F0 /* SearchViewController.swift */ = {isa = PBXFileReference; lastKnownFileType = sourcecode.swift; path = SearchViewController.swift; sourceTree = "<group>"; };
		26312FB727CCF4BB00D9D5F0 /* Base */ = {isa = PBXFileReference; lastKnownFileType = file.storyboard; name = Base; path = Base.lproj/Main.storyboard; sourceTree = "<group>"; };
		26312FB927CCF4BD00D9D5F0 /* Assets.xcassets */ = {isa = PBXFileReference; lastKnownFileType = folder.assetcatalog; path = Assets.xcassets; sourceTree = "<group>"; };
		26312FBC27CCF4BD00D9D5F0 /* Base */ = {isa = PBXFileReference; lastKnownFileType = file.storyboard; name = Base; path = Base.lproj/LaunchScreen.storyboard; sourceTree = "<group>"; };
		26312FBE27CCF4BD00D9D5F0 /* Info.plist */ = {isa = PBXFileReference; lastKnownFileType = text.plist.xml; path = Info.plist; sourceTree = "<group>"; };
		26312FC627CCFF0800D9D5F0 /* StoreSearchManager.swift */ = {isa = PBXFileReference; lastKnownFileType = sourcecode.swift; path = StoreSearchManager.swift; sourceTree = "<group>"; };
		26B2D21827CD1507000AE8D5 /* NotFoundStoreViewController.swift */ = {isa = PBXFileReference; lastKnownFileType = sourcecode.swift; path = NotFoundStoreViewController.swift; sourceTree = "<group>"; };
		26B2D22227CE6827000AE8D5 /* StoreData.swift */ = {isa = PBXFileReference; lastKnownFileType = sourcecode.swift; path = StoreData.swift; sourceTree = "<group>"; };
		26B2D22427CEE8F4000AE8D5 /* StoreModel.swift */ = {isa = PBXFileReference; lastKnownFileType = sourcecode.swift; path = StoreModel.swift; sourceTree = "<group>"; };
		26B2D22627CF9C90000AE8D5 /* StoreListViewController.swift */ = {isa = PBXFileReference; lastKnownFileType = sourcecode.swift; path = StoreListViewController.swift; sourceTree = "<group>"; };
		26B2D22827D4DF63000AE8D5 /* StoreDetailViewController.swift */ = {isa = PBXFileReference; lastKnownFileType = sourcecode.swift; path = StoreDetailViewController.swift; sourceTree = "<group>"; };
/* End PBXFileReference section */

/* Begin PBXFrameworksBuildPhase section */
		26312FAA27CCF4BB00D9D5F0 /* Frameworks */ = {
			isa = PBXFrameworksBuildPhase;
			buildActionMask = 2147483647;
			files = (
			);
			runOnlyForDeploymentPostprocessing = 0;
		};
/* End PBXFrameworksBuildPhase section */

/* Begin PBXGroup section */
		26312FA427CCF4BB00D9D5F0 = {
			isa = PBXGroup;
			children = (
				26312FAF27CCF4BB00D9D5F0 /* PetMeshi */,
				26312FAE27CCF4BB00D9D5F0 /* Products */,
			);
			sourceTree = "<group>";
		};
		26312FAE27CCF4BB00D9D5F0 /* Products */ = {
			isa = PBXGroup;
			children = (
				26312FAD27CCF4BB00D9D5F0 /* PetMeshi.app */,
			);
			name = Products;
			sourceTree = "<group>";
		};
		26312FAF27CCF4BB00D9D5F0 /* PetMeshi */ = {
			isa = PBXGroup;
			children = (
				26312FB027CCF4BB00D9D5F0 /* AppDelegate.swift */,
				26312FB227CCF4BB00D9D5F0 /* SceneDelegate.swift */,
				26312FC827CCFF1800D9D5F0 /* Model */,
				26312FC427CCF4DE00D9D5F0 /* View */,
				26312FC527CCF4EC00D9D5F0 /* Controller */,
				26312FB927CCF4BD00D9D5F0 /* Assets.xcassets */,
				26312FBB27CCF4BD00D9D5F0 /* LaunchScreen.storyboard */,
				26312FBE27CCF4BD00D9D5F0 /* Info.plist */,
				2609203B27F9E19900AFBAA3 /* Constants.swift */,
			);
			path = PetMeshi;
			sourceTree = "<group>";
		};
		26312FC427CCF4DE00D9D5F0 /* View */ = {
			isa = PBXGroup;
			children = (
				26312FB627CCF4BB00D9D5F0 /* Main.storyboard */,
			);
			path = View;
			sourceTree = "<group>";
		};
		26312FC527CCF4EC00D9D5F0 /* Controller */ = {
			isa = PBXGroup;
			children = (
				26312FB427CCF4BB00D9D5F0 /* SearchViewController.swift */,
				26B2D21827CD1507000AE8D5 /* NotFoundStoreViewController.swift */,
				26B2D22627CF9C90000AE8D5 /* StoreListViewController.swift */,
				26B2D22827D4DF63000AE8D5 /* StoreDetailViewController.swift */,
			);
			path = Controller;
			sourceTree = "<group>";
		};
		26312FC827CCFF1800D9D5F0 /* Model */ = {
			isa = PBXGroup;
			children = (
				26312FC627CCFF0800D9D5F0 /* StoreSearchManager.swift */,
				26B2D22227CE6827000AE8D5 /* StoreData.swift */,
				26B2D22427CEE8F4000AE8D5 /* StoreModel.swift */,
			);
			path = Model;
			sourceTree = "<group>";
		};
/* End PBXGroup section */

/* Begin PBXNativeTarget section */
		26312FAC27CCF4BB00D9D5F0 /* PetMeshi */ = {
			isa = PBXNativeTarget;
			buildConfigurationList = 26312FC127CCF4BD00D9D5F0 /* Build configuration list for PBXNativeTarget "PetMeshi" */;
			buildPhases = (
				26312FA927CCF4BB00D9D5F0 /* Sources */,
				26312FAA27CCF4BB00D9D5F0 /* Frameworks */,
				26312FAB27CCF4BB00D9D5F0 /* Resources */,
			);
			buildRules = (
			);
			dependencies = (
			);
			name = PetMeshi;
			productName = PetMeshi;
			productReference = 26312FAD27CCF4BB00D9D5F0 /* PetMeshi.app */;
			productType = "com.apple.product-type.application";
		};
/* End PBXNativeTarget section */

/* Begin PBXProject section */
		26312FA527CCF4BB00D9D5F0 /* Project object */ = {
			isa = PBXProject;
			attributes = {
				BuildIndependentTargetsInParallel = 1;
				LastSwiftUpdateCheck = 1320;
				LastUpgradeCheck = 1320;
				TargetAttributes = {
					26312FAC27CCF4BB00D9D5F0 = {
						CreatedOnToolsVersion = 13.2.1;
					};
				};
			};
			buildConfigurationList = 26312FA827CCF4BB00D9D5F0 /* Build configuration list for PBXProject "PetMeshi" */;
			compatibilityVersion = "Xcode 13.0";
			developmentRegion = en;
			hasScannedForEncodings = 0;
			knownRegions = (
				en,
				Base,
			);
			mainGroup = 26312FA427CCF4BB00D9D5F0;
			productRefGroup = 26312FAE27CCF4BB00D9D5F0 /* Products */;
			projectDirPath = "";
			projectRoot = "";
			targets = (
				26312FAC27CCF4BB00D9D5F0 /* PetMeshi */,
			);
		};
/* End PBXProject section */

/* Begin PBXResourcesBuildPhase section */
		26312FAB27CCF4BB00D9D5F0 /* Resources */ = {
			isa = PBXResourcesBuildPhase;
			buildActionMask = 2147483647;
			files = (
				26312FBD27CCF4BD00D9D5F0 /* LaunchScreen.storyboard in Resources */,
				26312FBA27CCF4BD00D9D5F0 /* Assets.xcassets in Resources */,
				26312FB827CCF4BB00D9D5F0 /* Main.storyboard in Resources */,
			);
			runOnlyForDeploymentPostprocessing = 0;
		};
/* End PBXResourcesBuildPhase section */

/* Begin PBXSourcesBuildPhase section */
		26312FA927CCF4BB00D9D5F0 /* Sources */ = {
			isa = PBXSourcesBuildPhase;
			buildActionMask = 2147483647;
			files = (
				26312FB527CCF4BB00D9D5F0 /* SearchViewController.swift in Sources */,
				26312FC727CCFF0800D9D5F0 /* StoreSearchManager.swift in Sources */,
				26B2D22927D4DF63000AE8D5 /* StoreDetailViewController.swift in Sources */,
				26B2D21927CD1507000AE8D5 /* NotFoundStoreViewController.swift in Sources */,
				26B2D22727CF9C90000AE8D5 /* StoreListViewController.swift in Sources */,
				2609203C27F9E19900AFBAA3 /* Constants.swift in Sources */,
				26B2D22327CE6827000AE8D5 /* StoreData.swift in Sources */,
				26B2D22527CEE8F4000AE8D5 /* StoreModel.swift in Sources */,
				26312FB127CCF4BB00D9D5F0 /* AppDelegate.swift in Sources */,
				26312FB327CCF4BB00D9D5F0 /* SceneDelegate.swift in Sources */,
			);
			runOnlyForDeploymentPostprocessing = 0;
		};
/* End PBXSourcesBuildPhase section */

/* Begin PBXVariantGroup section */
		26312FB627CCF4BB00D9D5F0 /* Main.storyboard */ = {
			isa = PBXVariantGroup;
			children = (
				26312FB727CCF4BB00D9D5F0 /* Base */,
			);
			name = Main.storyboard;
			sourceTree = "<group>";
		};
		26312FBB27CCF4BD00D9D5F0 /* LaunchScreen.storyboard */ = {
			isa = PBXVariantGroup;
			children = (
				26312FBC27CCF4BD00D9D5F0 /* Base */,
			);
			name = LaunchScreen.storyboard;
			sourceTree = "<group>";
		};
/* End PBXVariantGroup section */

/* Begin XCBuildConfiguration section */
		26312FBF27CCF4BD00D9D5F0 /* Debug */ = {
			isa = XCBuildConfiguration;
			buildSettings = {
				ALWAYS_SEARCH_USER_PATHS = NO;
				CLANG_ANALYZER_NONNULL = YES;
				CLANG_ANALYZER_NUMBER_OBJECT_CONVERSION = YES_AGGRESSIVE;
				CLANG_CXX_LANGUAGE_STANDARD = "gnu++17";
				CLANG_CXX_LIBRARY = "libc++";
				CLANG_ENABLE_MODULES = YES;
				CLANG_ENABLE_OBJC_ARC = YES;
				CLANG_ENABLE_OBJC_WEAK = YES;
				CLANG_WARN_BLOCK_CAPTURE_AUTORELEASING = YES;
				CLANG_WARN_BOOL_CONVERSION = YES;
				CLANG_WARN_COMMA = YES;
				CLANG_WARN_CONSTANT_CONVERSION = YES;
				CLANG_WARN_DEPRECATED_OBJC_IMPLEMENTATIONS = YES;
				CLANG_WARN_DIRECT_OBJC_ISA_USAGE = YES_ERROR;
				CLANG_WARN_DOCUMENTATION_COMMENTS = YES;
				CLANG_WARN_EMPTY_BODY = YES;
				CLANG_WARN_ENUM_CONVERSION = YES;
				CLANG_WARN_INFINITE_RECURSION = YES;
				CLANG_WARN_INT_CONVERSION = YES;
				CLANG_WARN_NON_LITERAL_NULL_CONVERSION = YES;
				CLANG_WARN_OBJC_IMPLICIT_RETAIN_SELF = YES;
				CLANG_WARN_OBJC_LITERAL_CONVERSION = YES;
				CLANG_WARN_OBJC_ROOT_CLASS = YES_ERROR;
				CLANG_WARN_QUOTED_INCLUDE_IN_FRAMEWORK_HEADER = YES;
				CLANG_WARN_RANGE_LOOP_ANALYSIS = YES;
				CLANG_WARN_STRICT_PROTOTYPES = YES;
				CLANG_WARN_SUSPICIOUS_MOVE = YES;
				CLANG_WARN_UNGUARDED_AVAILABILITY = YES_AGGRESSIVE;
				CLANG_WARN_UNREACHABLE_CODE = YES;
				CLANG_WARN__DUPLICATE_METHOD_MATCH = YES;
				COPY_PHASE_STRIP = NO;
				DEBUG_INFORMATION_FORMAT = dwarf;
				ENABLE_STRICT_OBJC_MSGSEND = YES;
				ENABLE_TESTABILITY = YES;
				GCC_C_LANGUAGE_STANDARD = gnu11;
				GCC_DYNAMIC_NO_PIC = NO;
				GCC_NO_COMMON_BLOCKS = YES;
				GCC_OPTIMIZATION_LEVEL = 0;
				GCC_PREPROCESSOR_DEFINITIONS = (
					"DEBUG=1",
					"$(inherited)",
				);
				GCC_WARN_64_TO_32_BIT_CONVERSION = YES;
				GCC_WARN_ABOUT_RETURN_TYPE = YES_ERROR;
				GCC_WARN_UNDECLARED_SELECTOR = YES;
				GCC_WARN_UNINITIALIZED_AUTOS = YES_AGGRESSIVE;
				GCC_WARN_UNUSED_FUNCTION = YES;
				GCC_WARN_UNUSED_VARIABLE = YES;
				IPHONEOS_DEPLOYMENT_TARGET = 15.2;
				MTL_ENABLE_DEBUG_INFO = INCLUDE_SOURCE;
				MTL_FAST_MATH = YES;
				ONLY_ACTIVE_ARCH = YES;
				SDKROOT = iphoneos;
				SWIFT_ACTIVE_COMPILATION_CONDITIONS = DEBUG;
				SWIFT_OPTIMIZATION_LEVEL = "-Onone";
			};
			name = Debug;
		};
		26312FC027CCF4BD00D9D5F0 /* Release */ = {
			isa = XCBuildConfiguration;
			buildSettings = {
				ALWAYS_SEARCH_USER_PATHS = NO;
				CLANG_ANALYZER_NONNULL = YES;
				CLANG_ANALYZER_NUMBER_OBJECT_CONVERSION = YES_AGGRESSIVE;
				CLANG_CXX_LANGUAGE_STANDARD = "gnu++17";
				CLANG_CXX_LIBRARY = "libc++";
				CLANG_ENABLE_MODULES = YES;
				CLANG_ENABLE_OBJC_ARC = YES;
				CLANG_ENABLE_OBJC_WEAK = YES;
				CLANG_WARN_BLOCK_CAPTURE_AUTORELEASING = YES;
				CLANG_WARN_BOOL_CONVERSION = YES;
				CLANG_WARN_COMMA = YES;
				CLANG_WARN_CONSTANT_CONVERSION = YES;
				CLANG_WARN_DEPRECATED_OBJC_IMPLEMENTATIONS = YES;
				CLANG_WARN_DIRECT_OBJC_ISA_USAGE = YES_ERROR;
				CLANG_WARN_DOCUMENTATION_COMMENTS = YES;
				CLANG_WARN_EMPTY_BODY = YES;
				CLANG_WARN_ENUM_CONVERSION = YES;
				CLANG_WARN_INFINITE_RECURSION = YES;
				CLANG_WARN_INT_CONVERSION = YES;
				CLANG_WARN_NON_LITERAL_NULL_CONVERSION = YES;
				CLANG_WARN_OBJC_IMPLICIT_RETAIN_SELF = YES;
				CLANG_WARN_OBJC_LITERAL_CONVERSION = YES;
				CLANG_WARN_OBJC_ROOT_CLASS = YES_ERROR;
				CLANG_WARN_QUOTED_INCLUDE_IN_FRAMEWORK_HEADER = YES;
				CLANG_WARN_RANGE_LOOP_ANALYSIS = YES;
				CLANG_WARN_STRICT_PROTOTYPES = YES;
				CLANG_WARN_SUSPICIOUS_MOVE = YES;
				CLANG_WARN_UNGUARDED_AVAILABILITY = YES_AGGRESSIVE;
				CLANG_WARN_UNREACHABLE_CODE = YES;
				CLANG_WARN__DUPLICATE_METHOD_MATCH = YES;
				COPY_PHASE_STRIP = NO;
				DEBUG_INFORMATION_FORMAT = "dwarf-with-dsym";
				ENABLE_NS_ASSERTIONS = NO;
				ENABLE_STRICT_OBJC_MSGSEND = YES;
				GCC_C_LANGUAGE_STANDARD = gnu11;
				GCC_NO_COMMON_BLOCKS = YES;
				GCC_WARN_64_TO_32_BIT_CONVERSION = YES;
				GCC_WARN_ABOUT_RETURN_TYPE = YES_ERROR;
				GCC_WARN_UNDECLARED_SELECTOR = YES;
				GCC_WARN_UNINITIALIZED_AUTOS = YES_AGGRESSIVE;
				GCC_WARN_UNUSED_FUNCTION = YES;
				GCC_WARN_UNUSED_VARIABLE = YES;
				IPHONEOS_DEPLOYMENT_TARGET = 15.2;
				MTL_ENABLE_DEBUG_INFO = NO;
				MTL_FAST_MATH = YES;
				SDKROOT = iphoneos;
				SWIFT_COMPILATION_MODE = wholemodule;
				SWIFT_OPTIMIZATION_LEVEL = "-O";
				VALIDATE_PRODUCT = YES;
			};
			name = Release;
		};
		26312FC227CCF4BD00D9D5F0 /* Debug */ = {
			isa = XCBuildConfiguration;
			buildSettings = {
				ASSETCATALOG_COMPILER_APPICON_NAME = AppIcon;
				ASSETCATALOG_COMPILER_GLOBAL_ACCENT_COLOR_NAME = AccentColor;
				CODE_SIGN_STYLE = Automatic;
				CURRENT_PROJECT_VERSION = 1;
				DEVELOPMENT_TEAM = 7GB88KSYRV;
				GENERATE_INFOPLIST_FILE = YES;
				INFOPLIST_FILE = PetMeshi/Info.plist;
				INFOPLIST_KEY_UIApplicationSupportsIndirectInputEvents = YES;
				INFOPLIST_KEY_UILaunchStoryboardName = LaunchScreen;
				INFOPLIST_KEY_UIMainStoryboardFile = Main;
				INFOPLIST_KEY_UISupportedInterfaceOrientations_iPad = "UIInterfaceOrientationPortrait UIInterfaceOrientationPortraitUpsideDown UIInterfaceOrientationLandscapeLeft UIInterfaceOrientationLandscapeRight";
				INFOPLIST_KEY_UISupportedInterfaceOrientations_iPhone = "UIInterfaceOrientationPortrait UIInterfaceOrientationLandscapeLeft UIInterfaceOrientationLandscapeRight";
				LD_RUNPATH_SEARCH_PATHS = (
					"$(inherited)",
					"@executable_path/Frameworks",
				);
				MARKETING_VERSION = 1.0;
				PRODUCT_BUNDLE_IDENTIFIER = com.RyoyaSuzuki.PetMeshi;
				PRODUCT_NAME = "$(TARGET_NAME)";
				SWIFT_EMIT_LOC_STRINGS = YES;
				SWIFT_VERSION = 5.0;
				TARGETED_DEVICE_FAMILY = "1,2";
			};
			name = Debug;
		};
		26312FC327CCF4BD00D9D5F0 /* Release */ = {
			isa = XCBuildConfiguration;
			buildSettings = {
				ASSETCATALOG_COMPILER_APPICON_NAME = AppIcon;
				ASSETCATALOG_COMPILER_GLOBAL_ACCENT_COLOR_NAME = AccentColor;
				CODE_SIGN_STYLE = Automatic;
				CURRENT_PROJECT_VERSION = 1;
				DEVELOPMENT_TEAM = 7GB88KSYRV;
				GENERATE_INFOPLIST_FILE = YES;
				INFOPLIST_FILE = PetMeshi/Info.plist;
				INFOPLIST_KEY_UIApplicationSupportsIndirectInputEvents = YES;
				INFOPLIST_KEY_UILaunchStoryboardName = LaunchScreen;
				INFOPLIST_KEY_UIMainStoryboardFile = Main;
				INFOPLIST_KEY_UISupportedInterfaceOrientations_iPad = "UIInterfaceOrientationPortrait UIInterfaceOrientationPortraitUpsideDown UIInterfaceOrientationLandscapeLeft UIInterfaceOrientationLandscapeRight";
				INFOPLIST_KEY_UISupportedInterfaceOrientations_iPhone = "UIInterfaceOrientationPortrait UIInterfaceOrientationLandscapeLeft UIInterfaceOrientationLandscapeRight";
				LD_RUNPATH_SEARCH_PATHS = (
					"$(inherited)",
					"@executable_path/Frameworks",
				);
				MARKETING_VERSION = 1.0;
				PRODUCT_BUNDLE_IDENTIFIER = com.RyoyaSuzuki.PetMeshi;
				PRODUCT_NAME = "$(TARGET_NAME)";
				SWIFT_EMIT_LOC_STRINGS = YES;
				SWIFT_VERSION = 5.0;
				TARGETED_DEVICE_FAMILY = "1,2";
			};
			name = Release;
		};
/* End XCBuildConfiguration section */

/* Begin XCConfigurationList section */
		26312FA827CCF4BB00D9D5F0 /* Build configuration list for PBXProject "PetMeshi" */ = {
			isa = XCConfigurationList;
			buildConfigurations = (
				26312FBF27CCF4BD00D9D5F0 /* Debug */,
				26312FC027CCF4BD00D9D5F0 /* Release */,
			);
			defaultConfigurationIsVisible = 0;
			defaultConfigurationName = Release;
		};
		26312FC127CCF4BD00D9D5F0 /* Build configuration list for PBXNativeTarget "PetMeshi" */ = {
			isa = XCConfigurationList;
			buildConfigurations = (
				26312FC227CCF4BD00D9D5F0 /* Debug */,
				26312FC327CCF4BD00D9D5F0 /* Release */,
			);
			defaultConfigurationIsVisible = 0;
			defaultConfigurationName = Release;
		};
/* End XCConfigurationList section */
	};
	rootObject = 26312FA527CCF4BB00D9D5F0 /* Project object */;
}
